
Microsoft Visual Studio Solution File, Format Version 12.00
# Visual Studio 15
VisualStudioVersion = 15.0.26124.0
MinimumVisualStudioVersion = 15.0.26124.0
Project("{FAE04EC0-301F-11D3-BF4B-00C04F79EFBC}") = "advent_cli", "advent_cli\advent_cli.csproj", "{68203EB0-F46F-49B6-9CCF-08CB626846B6}"
EndProject
Project("{FAE04EC0-301F-11D3-BF4B-00C04F79EFBC}") = "advent_solutions", "advent_solutions\advent_solutions.csproj", "{DB219544-30EC-441A-B027-FE8D215CD57F}"
EndProject
Global
	GlobalSection(SolutionConfigurationPlatforms) = preSolution
		Debug|Any CPU = Debug|Any CPU
		Debug|x64 = Debug|x64
		Debug|x86 = Debug|x86
		Release|Any CPU = Release|Any CPU
		Release|x64 = Release|x64
		Release|x86 = Release|x86
	EndGlobalSection
	GlobalSection(SolutionProperties) = preSolution
		HideSolutionNode = FALSE
	EndGlobalSection
	GlobalSection(ProjectConfigurationPlatforms) = postSolution
		{68203EB0-F46F-49B6-9CCF-08CB626846B6}.Debug|Any CPU.ActiveCfg = Debug|Any CPU
		{68203EB0-F46F-49B6-9CCF-08CB626846B6}.Debug|Any CPU.Build.0 = Debug|Any CPU
		{68203EB0-F46F-49B6-9CCF-08CB626846B6}.Debug|x64.ActiveCfg = Debug|Any CPU
		{68203EB0-F46F-49B6-9CCF-08CB626846B6}.Debug|x64.Build.0 = Debug|Any CPU
		{68203EB0-F46F-49B6-9CCF-08CB626846B6}.Debug|x86.ActiveCfg = Debug|Any CPU
		{68203EB0-F46F-49B6-9CCF-08CB626846B6}.Debug|x86.Build.0 = Debug|Any CPU
		{68203EB0-F46F-49B6-9CCF-08CB626846B6}.Release|Any CPU.ActiveCfg = Release|Any CPU
		{68203EB0-F46F-49B6-9CCF-08CB626846B6}.Release|Any CPU.Build.0 = Release|Any CPU
		{68203EB0-F46F-49B6-9CCF-08CB626846B6}.Release|x64.ActiveCfg = Release|Any CPU
		{68203EB0-F46F-49B6-9CCF-08CB626846B6}.Release|x64.Build.0 = Release|Any CPU
		{68203EB0-F46F-49B6-9CCF-08CB626846B6}.Release|x86.ActiveCfg = Release|Any CPU
		{68203EB0-F46F-49B6-9CCF-08CB626846B6}.Release|x86.Build.0 = Release|Any CPU
		{DB219544-30EC-441A-B027-FE8D215CD57F}.Debug|Any CPU.ActiveCfg = Debug|Any CPU
		{DB219544-30EC-441A-B027-FE8D215CD57F}.Debug|Any CPU.Build.0 = Debug|Any CPU
		{DB219544-30EC-441A-B027-FE8D215CD57F}.Debug|x64.ActiveCfg = Debug|Any CPU
		{DB219544-30EC-441A-B027-FE8D215CD57F}.Debug|x64.Build.0 = Debug|Any CPU
		{DB219544-30EC-441A-B027-FE8D215CD57F}.Debug|x86.ActiveCfg = Debug|Any CPU
		{DB219544-30EC-441A-B027-FE8D215CD57F}.Debug|x86.Build.0 = Debug|Any CPU
		{DB219544-30EC-441A-B027-FE8D215CD57F}.Release|Any CPU.ActiveCfg = Release|Any CPU
		{DB219544-30EC-441A-B027-FE8D215CD57F}.Release|Any CPU.Build.0 = Release|Any CPU
		{DB219544-30EC-441A-B027-FE8D215CD57F}.Release|x64.ActiveCfg = Release|Any CPU
		{DB219544-30EC-441A-B027-FE8D215CD57F}.Release|x64.Build.0 = Release|Any CPU
		{DB219544-30EC-441A-B027-FE8D215CD57F}.Release|x86.ActiveCfg = Release|Any CPU
		{DB219544-30EC-441A-B027-FE8D215CD57F}.Release|x86.Build.0 = Release|Any CPU
	EndGlobalSection
EndGlobal
